
Microsoft Visual Studio Solution File, Format Version 10.00
# Visual Studio 2008
Project("{F184B08F-C81C-45F6-A57F-5ABD9991F28F}") = "LibTax", "LibTax\LibTax.vbproj", "{D81C5ABE-6B37-4043-B42A-2D0667E04C38}"
EndProject
Project("{F184B08F-C81C-45F6-A57F-5ABD9991F28F}") = "TestTax", "TestTax\TestTax.vbproj", "{F11CB550-3DED-4E39-82C8-49CFDC49B233}"
EndProject
Global
	GlobalSection(SolutionConfigurationPlatforms) = preSolution
		Debug|Any CPU = Debug|Any CPU
		Release|Any CPU = Release|Any CPU
	EndGlobalSection
	GlobalSection(ProjectConfigurationPlatforms) = postSolution
		{D81C5ABE-6B37-4043-B42A-2D0667E04C38}.Debug|Any CPU.ActiveCfg = Debug|Any CPU
		{D81C5ABE-6B37-4043-B42A-2D0667E04C38}.Debug|Any CPU.Build.0 = Debug|Any CPU
		{D81C5ABE-6B37-4043-B42A-2D0667E04C38}.Release|Any CPU.ActiveCfg = Release|Any CPU
		{D81C5ABE-6B37-4043-B42A-2D0667E04C38}.Release|Any CPU.Build.0 = Release|Any CPU
		{F11CB550-3DED-4E39-82C8-49CFDC49B233}.Debug|Any CPU.ActiveCfg = Debug|Any CPU
		{F11CB550-3DED-4E39-82C8-49CFDC49B233}.Debug|Any CPU.Build.0 = Debug|Any CPU
		{F11CB550-3DED-4E39-82C8-49CFDC49B233}.Release|Any CPU.ActiveCfg = Release|Any CPU
		{F11CB550-3DED-4E39-82C8-49CFDC49B233}.Release|Any CPU.Build.0 = Release|Any CPU
	EndGlobalSection
	GlobalSection(SolutionProperties) = preSolution
		HideSolutionNode = FALSE
	EndGlobalSection
EndGlobal
