
Microsoft Visual Studio Solution File, Format Version 10.00
# Visual Studio 2008
Project("{F184B08F-C81C-45F6-A57F-5ABD9991F28F}") = "LearningAboutExceptionHandling", "LearningAboutExceptionHandling\LearningAboutExceptionHandling.vbproj", "{FFB11101-6BFF-4C50-8A2F-35E4090C88B0}"
EndProject
Global
	GlobalSection(SolutionConfigurationPlatforms) = preSolution
		Debug|Any CPU = Debug|Any CPU
		Release|Any CPU = Release|Any CPU
	EndGlobalSection
	GlobalSection(ProjectConfigurationPlatforms) = postSolution
		{FFB11101-6BFF-4C50-8A2F-35E4090C88B0}.Debug|Any CPU.ActiveCfg = Debug|Any CPU
		{FFB11101-6BFF-4C50-8A2F-35E4090C88B0}.Debug|Any CPU.Build.0 = Debug|Any CPU
		{FFB11101-6BFF-4C50-8A2F-35E4090C88B0}.Release|Any CPU.ActiveCfg = Release|Any CPU
		{FFB11101-6BFF-4C50-8A2F-35E4090C88B0}.Release|Any CPU.Build.0 = Release|Any CPU
	EndGlobalSection
	GlobalSection(SolutionProperties) = preSolution
		HideSolutionNode = FALSE
	EndGlobalSection
EndGlobal
